
Microsoft Visual Studio Solution File, Format Version 12.00
# Visual Studio Version 17
VisualStudioVersion = 17.7.34009.444
MinimumVisualStudioVersion = 10.0.40219.1
Project("{2150E333-8FDC-42A3-9474-1A3956D46DE8}") = "Services", "Services", "{E9A16F3C-F225-43E3-9AAC-A6B48D2A1CA1}"
EndProject
Project("{9A19103F-16F7-4668-BE54-9A1E7A4F7556}") = "Catalog.API", "Services\Catalog.API\Catalog.API.csproj", "{58B4C47A-8AC6-457A-A757-70C4CEC1265C}"
EndProject
Project("{9A19103F-16F7-4668-BE54-9A1E7A4F7556}") = "Basket.API", "Services\Basket.API\Basket.API.csproj", "{DD1B897F-1BDB-4A95-B129-6E1C1E6A2C9E}"
EndProject
Project("{9A19103F-16F7-4668-BE54-9A1E7A4F7556}") = "Discount.API", "Services\Discount.API\Discount.API.csproj", "{6C5F1356-EBD3-4009-BD34-D364128FA00D}"
EndProject
Project("{9A19103F-16F7-4668-BE54-9A1E7A4F7556}") = "Discount.Grpc", "Services\Discount.Grpc\Discount.Grpc.csproj", "{8E738B60-2779-4618-AF6C-5CA3BCF051AD}"
EndProject
Project("{2150E333-8FDC-42A3-9474-1A3956D46DE8}") = "Ordering", "Ordering", "{A0217728-B39E-43EC-9085-6222A048BC57}"
EndProject
Project("{9A19103F-16F7-4668-BE54-9A1E7A4F7556}") = "Ordering.API", "Services\Ordering\Ordering.API\Ordering.API.csproj", "{3EB4CB17-6EED-4395-B815-68A1D5264F4F}"
EndProject
Project("{FAE04EC0-301F-11D3-BF4B-00C04F79EFBC}") = "Ordering.Domain", "Services\Ordering\Ordering.Domain\Ordering.Domain.csproj", "{09B37770-6094-4B95-88A0-101EC0E04739}"
EndProject
Project("{FAE04EC0-301F-11D3-BF4B-00C04F79EFBC}") = "Ordering.Application", "Services\Ordering\Ordering.Application\Ordering.Application.csproj", "{25408FD8-EFE4-4FC3-AF0A-87A95C96E1B9}"
EndProject
Project("{FAE04EC0-301F-11D3-BF4B-00C04F79EFBC}") = "Ordering.Infrastructure", "Services\Ordering\Ordering.Infrastructure\Ordering.Infrastructure.csproj", "{C5275840-90B3-4AB4-B0B8-06468F6E2F9B}"
EndProject
Global
	GlobalSection(SolutionConfigurationPlatforms) = preSolution
		Debug|Any CPU = Debug|Any CPU
		Release|Any CPU = Release|Any CPU
	EndGlobalSection
	GlobalSection(ProjectConfigurationPlatforms) = postSolution
		{58B4C47A-8AC6-457A-A757-70C4CEC1265C}.Debug|Any CPU.ActiveCfg = Debug|Any CPU
		{58B4C47A-8AC6-457A-A757-70C4CEC1265C}.Debug|Any CPU.Build.0 = Debug|Any CPU
		{58B4C47A-8AC6-457A-A757-70C4CEC1265C}.Release|Any CPU.ActiveCfg = Release|Any CPU
		{58B4C47A-8AC6-457A-A757-70C4CEC1265C}.Release|Any CPU.Build.0 = Release|Any CPU
		{DD1B897F-1BDB-4A95-B129-6E1C1E6A2C9E}.Debug|Any CPU.ActiveCfg = Debug|Any CPU
		{DD1B897F-1BDB-4A95-B129-6E1C1E6A2C9E}.Debug|Any CPU.Build.0 = Debug|Any CPU
		{DD1B897F-1BDB-4A95-B129-6E1C1E6A2C9E}.Release|Any CPU.ActiveCfg = Release|Any CPU
		{DD1B897F-1BDB-4A95-B129-6E1C1E6A2C9E}.Release|Any CPU.Build.0 = Release|Any CPU
		{6C5F1356-EBD3-4009-BD34-D364128FA00D}.Debug|Any CPU.ActiveCfg = Debug|Any CPU
		{6C5F1356-EBD3-4009-BD34-D364128FA00D}.Debug|Any CPU.Build.0 = Debug|Any CPU
		{6C5F1356-EBD3-4009-BD34-D364128FA00D}.Release|Any CPU.ActiveCfg = Release|Any CPU
		{6C5F1356-EBD3-4009-BD34-D364128FA00D}.Release|Any CPU.Build.0 = Release|Any CPU
		{8E738B60-2779-4618-AF6C-5CA3BCF051AD}.Debug|Any CPU.ActiveCfg = Debug|Any CPU
		{8E738B60-2779-4618-AF6C-5CA3BCF051AD}.Debug|Any CPU.Build.0 = Debug|Any CPU
		{8E738B60-2779-4618-AF6C-5CA3BCF051AD}.Release|Any CPU.ActiveCfg = Release|Any CPU
		{8E738B60-2779-4618-AF6C-5CA3BCF051AD}.Release|Any CPU.Build.0 = Release|Any CPU
		{3EB4CB17-6EED-4395-B815-68A1D5264F4F}.Debug|Any CPU.ActiveCfg = Debug|Any CPU
		{3EB4CB17-6EED-4395-B815-68A1D5264F4F}.Debug|Any CPU.Build.0 = Debug|Any CPU
		{3EB4CB17-6EED-4395-B815-68A1D5264F4F}.Release|Any CPU.ActiveCfg = Release|Any CPU
		{3EB4CB17-6EED-4395-B815-68A1D5264F4F}.Release|Any CPU.Build.0 = Release|Any CPU
		{09B37770-6094-4B95-88A0-101EC0E04739}.Debug|Any CPU.ActiveCfg = Debug|Any CPU
		{09B37770-6094-4B95-88A0-101EC0E04739}.Debug|Any CPU.Build.0 = Debug|Any CPU
		{09B37770-6094-4B95-88A0-101EC0E04739}.Release|Any CPU.ActiveCfg = Release|Any CPU
		{09B37770-6094-4B95-88A0-101EC0E04739}.Release|Any CPU.Build.0 = Release|Any CPU
		{25408FD8-EFE4-4FC3-AF0A-87A95C96E1B9}.Debug|Any CPU.ActiveCfg = Debug|Any CPU
		{25408FD8-EFE4-4FC3-AF0A-87A95C96E1B9}.Debug|Any CPU.Build.0 = Debug|Any CPU
		{25408FD8-EFE4-4FC3-AF0A-87A95C96E1B9}.Release|Any CPU.ActiveCfg = Release|Any CPU
		{25408FD8-EFE4-4FC3-AF0A-87A95C96E1B9}.Release|Any CPU.Build.0 = Release|Any CPU
		{C5275840-90B3-4AB4-B0B8-06468F6E2F9B}.Debug|Any CPU.ActiveCfg = Debug|Any CPU
		{C5275840-90B3-4AB4-B0B8-06468F6E2F9B}.Debug|Any CPU.Build.0 = Debug|Any CPU
		{C5275840-90B3-4AB4-B0B8-06468F6E2F9B}.Release|Any CPU.ActiveCfg = Release|Any CPU
		{C5275840-90B3-4AB4-B0B8-06468F6E2F9B}.Release|Any CPU.Build.0 = Release|Any CPU
	EndGlobalSection
	GlobalSection(SolutionProperties) = preSolution
		HideSolutionNode = FALSE
	EndGlobalSection
	GlobalSection(NestedProjects) = preSolution
		{58B4C47A-8AC6-457A-A757-70C4CEC1265C} = {E9A16F3C-F225-43E3-9AAC-A6B48D2A1CA1}
		{DD1B897F-1BDB-4A95-B129-6E1C1E6A2C9E} = {E9A16F3C-F225-43E3-9AAC-A6B48D2A1CA1}
		{6C5F1356-EBD3-4009-BD34-D364128FA00D} = {E9A16F3C-F225-43E3-9AAC-A6B48D2A1CA1}
		{8E738B60-2779-4618-AF6C-5CA3BCF051AD} = {E9A16F3C-F225-43E3-9AAC-A6B48D2A1CA1}
		{A0217728-B39E-43EC-9085-6222A048BC57} = {E9A16F3C-F225-43E3-9AAC-A6B48D2A1CA1}
		{3EB4CB17-6EED-4395-B815-68A1D5264F4F} = {A0217728-B39E-43EC-9085-6222A048BC57}
		{09B37770-6094-4B95-88A0-101EC0E04739} = {A0217728-B39E-43EC-9085-6222A048BC57}
		{25408FD8-EFE4-4FC3-AF0A-87A95C96E1B9} = {A0217728-B39E-43EC-9085-6222A048BC57}
		{C5275840-90B3-4AB4-B0B8-06468F6E2F9B} = {A0217728-B39E-43EC-9085-6222A048BC57}
	EndGlobalSection
	GlobalSection(ExtensibilityGlobals) = postSolution
		SolutionGuid = {32963F48-E6A1-45FA-B5C7-0F6448BF6672}
	EndGlobalSection
EndGlobal
